{
  "requires": true,
  "lockfileVersion": 1,
  "dependencies": {
    "nbb": {
      "version": "0.0.109",
      "resolved": "https://registry.npmjs.org/nbb/-/nbb-0.0.109.tgz",
      "integrity": "sha512-TO55xXLX4cte6DMwvdyTJEi+N874A4x79ttwANKg57QJZulfcpnKTZPRCfjbOJMqwn/OEpLxffaXZ5CRvNc1Wg==",
      "dev": true
    }
  }
}
